// !$*UTF8*$!
{
	archiveVersion = 1;
	classes = {
	};
	objectVersion = 51;
	objects = {

/* Begin PBXBuildFile section */
		2B2D39D693ACBA2BA0427F86 /* Pods_Arabam__Sat.framework in Frameworks */ = {isa = PBXBuildFile; fileRef = B4C7989CC18A6370E8158548 /* Pods_Arabam__Sat.framework */; };
		660F91E526137B9C0004753F /* AppDelegate.swift in Sources */ = {isa = PBXBuildFile; fileRef = 660F91E426137B9C0004753F /* AppDelegate.swift */; };
		660F91E926137B9C0004753F /* ViewController.swift in Sources */ = {isa = PBXBuildFile; fileRef = 660F91E826137B9C0004753F /* ViewController.swift */; };
		660F91EE26137B9F0004753F /* Assets.xcassets in Resources */ = {isa = PBXBuildFile; fileRef = 660F91ED26137B9F0004753F /* Assets.xcassets */; };
		660F91F126137B9F0004753F /* LaunchScreen.storyboard in Resources */ = {isa = PBXBuildFile; fileRef = 660F91EF26137B9F0004753F /* LaunchScreen.storyboard */; };
		660F91FC26137B9F0004753F /* Arabam__SatTests.swift in Sources */ = {isa = PBXBuildFile; fileRef = 660F91FB26137B9F0004753F /* Arabam__SatTests.swift */; };
		660F920726137B9F0004753F /* Arabam__SatUITests.swift in Sources */ = {isa = PBXBuildFile; fileRef = 660F920626137B9F0004753F /* Arabam__SatUITests.swift */; };
		660F925A26137D150004753F /* SplashScreen.swift in Sources */ = {isa = PBXBuildFile; fileRef = 660F925926137D150004753F /* SplashScreen.swift */; };
		660F926026137DE30004753F /* Utils.swift in Sources */ = {isa = PBXBuildFile; fileRef = 660F925F26137DE30004753F /* Utils.swift */; };
		660F929A2613826D0004753F /* LoginController.swift in Sources */ = {isa = PBXBuildFile; fileRef = 660F92992613826D0004753F /* LoginController.swift */; };
		660F92A2261384290004753F /* GoogleService-Info.plist in Resources */ = {isa = PBXBuildFile; fileRef = 660F92A1261384290004753F /* GoogleService-Info.plist */; };
/* End PBXBuildFile section */

/* Begin PBXContainerItemProxy section */
		660F91F826137B9F0004753F /* PBXContainerItemProxy */ = {
			isa = PBXContainerItemProxy;
			containerPortal = 660F91D926137B9C0004753F /* Project object */;
			proxyType = 1;
			remoteGlobalIDString = 660F91E026137B9C0004753F;
			remoteInfo = "Arabamı Sat";
		};
		660F920326137B9F0004753F /* PBXContainerItemProxy */ = {
			isa = PBXContainerItemProxy;
			containerPortal = 660F91D926137B9C0004753F /* Project object */;
			proxyType = 1;
			remoteGlobalIDString = 660F91E026137B9C0004753F;
			remoteInfo = "Arabamı Sat";
		};
/* End PBXContainerItemProxy section */

/* Begin PBXFileReference section */
		42189B12E6680D049082099E /* Pods-Arabamı Sat.debug.xcconfig */ = {isa = PBXFileReference; includeInIndex = 1; lastKnownFileType = text.xcconfig; name = "Pods-Arabamı Sat.debug.xcconfig"; path = "Target Support Files/Pods-Arabamı Sat/Pods-Arabamı Sat.debug.xcconfig"; sourceTree = "<group>"; };
		660F91E126137B9C0004753F /* Arabamı Sat.app */ = {isa = PBXFileReference; explicitFileType = wrapper.application; includeInIndex = 0; path = "Arabamı Sat.app"; sourceTree = BUILT_PRODUCTS_DIR; };
		660F91E426137B9C0004753F /* AppDelegate.swift */ = {isa = PBXFileReference; lastKnownFileType = sourcecode.swift; path = AppDelegate.swift; sourceTree = "<group>"; };
		660F91E826137B9C0004753F /* ViewController.swift */ = {isa = PBXFileReference; lastKnownFileType = sourcecode.swift; path = ViewController.swift; sourceTree = "<group>"; };
		660F91ED26137B9F0004753F /* Assets.xcassets */ = {isa = PBXFileReference; lastKnownFileType = folder.assetcatalog; path = Assets.xcassets; sourceTree = "<group>"; };
		660F91F026137B9F0004753F /* Base */ = {isa = PBXFileReference; lastKnownFileType = file.storyboard; name = Base; path = Base.lproj/LaunchScreen.storyboard; sourceTree = "<group>"; };
		660F91F226137B9F0004753F /* Info.plist */ = {isa = PBXFileReference; lastKnownFileType = text.plist.xml; path = Info.plist; sourceTree = "<group>"; };
		660F91F726137B9F0004753F /* Arabamı SatTests.xctest */ = {isa = PBXFileReference; explicitFileType = wrapper.cfbundle; includeInIndex = 0; path = "Arabamı SatTests.xctest"; sourceTree = BUILT_PRODUCTS_DIR; };
		660F91FB26137B9F0004753F /* Arabam__SatTests.swift */ = {isa = PBXFileReference; lastKnownFileType = sourcecode.swift; path = Arabam__SatTests.swift; sourceTree = "<group>"; };
		660F91FD26137B9F0004753F /* Info.plist */ = {isa = PBXFileReference; lastKnownFileType = text.plist.xml; path = Info.plist; sourceTree = "<group>"; };
		660F920226137B9F0004753F /* Arabamı SatUITests.xctest */ = {isa = PBXFileReference; explicitFileType = wrapper.cfbundle; includeInIndex = 0; path = "Arabamı SatUITests.xctest"; sourceTree = BUILT_PRODUCTS_DIR; };
		660F920626137B9F0004753F /* Arabam__SatUITests.swift */ = {isa = PBXFileReference; lastKnownFileType = sourcecode.swift; path = Arabam__SatUITests.swift; sourceTree = "<group>"; };
		660F920826137B9F0004753F /* Info.plist */ = {isa = PBXFileReference; lastKnownFileType = text.plist.xml; path = Info.plist; sourceTree = "<group>"; };
		660F925926137D150004753F /* SplashScreen.swift */ = {isa = PBXFileReference; lastKnownFileType = sourcecode.swift; path = SplashScreen.swift; sourceTree = "<group>"; };
		660F925F26137DE30004753F /* Utils.swift */ = {isa = PBXFileReference; lastKnownFileType = sourcecode.swift; path = Utils.swift; sourceTree = "<group>"; };
		660F92992613826D0004753F /* LoginController.swift */ = {isa = PBXFileReference; lastKnownFileType = sourcecode.swift; path = LoginController.swift; sourceTree = "<group>"; };
		660F92A1261384290004753F /* GoogleService-Info.plist */ = {isa = PBXFileReference; fileEncoding = 4; lastKnownFileType = text.plist.xml; path = "GoogleService-Info.plist"; sourceTree = "<group>"; };
		B4B0F7E7D191B1E9D8983998 /* Pods-Arabamı Sat.release.xcconfig */ = {isa = PBXFileReference; includeInIndex = 1; lastKnownFileType = text.xcconfig; name = "Pods-Arabamı Sat.release.xcconfig"; path = "Target Support Files/Pods-Arabamı Sat/Pods-Arabamı Sat.release.xcconfig"; sourceTree = "<group>"; };
		B4C7989CC18A6370E8158548 /* Pods_Arabam__Sat.framework */ = {isa = PBXFileReference; explicitFileType = wrapper.framework; includeInIndex = 0; path = Pods_Arabam__Sat.framework; sourceTree = BUILT_PRODUCTS_DIR; };
/* End PBXFileReference section */

/* Begin PBXFrameworksBuildPhase section */
		660F91DE26137B9C0004753F /* Frameworks */ = {
			isa = PBXFrameworksBuildPhase;
			buildActionMask = 2147483647;
			files = (
				2B2D39D693ACBA2BA0427F86 /* Pods_Arabam__Sat.framework in Frameworks */,
			);
			runOnlyForDeploymentPostprocessing = 0;
		};
		660F91F426137B9F0004753F /* Frameworks */ = {
			isa = PBXFrameworksBuildPhase;
			buildActionMask = 2147483647;
			files = (
			);
			runOnlyForDeploymentPostprocessing = 0;
		};
		660F91FF26137B9F0004753F /* Frameworks */ = {
			isa = PBXFrameworksBuildPhase;
			buildActionMask = 2147483647;
			files = (
			);
			runOnlyForDeploymentPostprocessing = 0;
		};
/* End PBXFrameworksBuildPhase section */

/* Begin PBXGroup section */
		206C10EF8DA46FE15A500607 /* Pods */ = {
			isa = PBXGroup;
			children = (
				42189B12E6680D049082099E /* Pods-Arabamı Sat.debug.xcconfig */,
				B4B0F7E7D191B1E9D8983998 /* Pods-Arabamı Sat.release.xcconfig */,
			);
			path = Pods;
			sourceTree = "<group>";
		};
		660F91D826137B9C0004753F = {
			isa = PBXGroup;
			children = (
				660F91E326137B9C0004753F /* Arabamı Sat */,
				660F91FA26137B9F0004753F /* Arabamı SatTests */,
				660F920526137B9F0004753F /* Arabamı SatUITests */,
				660F91E226137B9C0004753F /* Products */,
				206C10EF8DA46FE15A500607 /* Pods */,
				75704281621C00D85407B14D /* Frameworks */,
			);
			sourceTree = "<group>";
		};
		660F91E226137B9C0004753F /* Products */ = {
			isa = PBXGroup;
			children = (
				660F91E126137B9C0004753F /* Arabamı Sat.app */,
				660F91F726137B9F0004753F /* Arabamı SatTests.xctest */,
				660F920226137B9F0004753F /* Arabamı SatUITests.xctest */,
			);
			name = Products;
			sourceTree = "<group>";
		};
		660F91E326137B9C0004753F /* Arabamı Sat */ = {
			isa = PBXGroup;
			children = (
				660F9294261380340004753F /* Controller */,
				660F925E26137DD70004753F /* Helper */,
				660F91E426137B9C0004753F /* AppDelegate.swift */,
				660F91E826137B9C0004753F /* ViewController.swift */,
				660F91ED26137B9F0004753F /* Assets.xcassets */,
				660F91EF26137B9F0004753F /* LaunchScreen.storyboard */,
				660F91F226137B9F0004753F /* Info.plist */,
				660F92A1261384290004753F /* GoogleService-Info.plist */,
				660F925926137D150004753F /* SplashScreen.swift */,
			);
			path = "Arabamı Sat";
			sourceTree = "<group>";
		};
		660F91FA26137B9F0004753F /* Arabamı SatTests */ = {
			isa = PBXGroup;
			children = (
				660F91FB26137B9F0004753F /* Arabam__SatTests.swift */,
				660F91FD26137B9F0004753F /* Info.plist */,
			);
			path = "Arabamı SatTests";
			sourceTree = "<group>";
		};
		660F920526137B9F0004753F /* Arabamı SatUITests */ = {
			isa = PBXGroup;
			children = (
				660F920626137B9F0004753F /* Arabam__SatUITests.swift */,
				660F920826137B9F0004753F /* Info.plist */,
			);
			path = "Arabamı SatUITests";
			sourceTree = "<group>";
		};
		660F925E26137DD70004753F /* Helper */ = {
			isa = PBXGroup;
			children = (
				660F925F26137DE30004753F /* Utils.swift */,
			);
			path = Helper;
			sourceTree = "<group>";
		};
		660F9294261380340004753F /* Controller */ = {
			isa = PBXGroup;
			children = (
				660F92982613825B0004753F /* AuthController */,
			);
			path = Controller;
			sourceTree = "<group>";
		};
		660F92982613825B0004753F /* AuthController */ = {
			isa = PBXGroup;
			children = (
				660F92992613826D0004753F /* LoginController.swift */,
			);
			path = AuthController;
			sourceTree = "<group>";
		};
		75704281621C00D85407B14D /* Frameworks */ = {
			isa = PBXGroup;
			children = (
				B4C7989CC18A6370E8158548 /* Pods_Arabam__Sat.framework */,
			);
			name = Frameworks;
			sourceTree = "<group>";
		};
/* End PBXGroup section */

/* Begin PBXNativeTarget section */
		660F91E026137B9C0004753F /* Arabamı Sat */ = {
			isa = PBXNativeTarget;
			buildConfigurationList = 660F920B26137B9F0004753F /* Build configuration list for PBXNativeTarget "Arabamı Sat" */;
			buildPhases = (
				D9A06EECF111296599A2FA81 /* [CP] Check Pods Manifest.lock */,
				660F91DD26137B9C0004753F /* Sources */,
				660F91DE26137B9C0004753F /* Frameworks */,
				660F91DF26137B9C0004753F /* Resources */,
				1852D2E9F23CD857064DEFC2 /* [CP] Embed Pods Frameworks */,
				E99A3BACD124FD18591DCE0E /* [CP] Copy Pods Resources */,
			);
			buildRules = (
			);
			dependencies = (
			);
			name = "Arabamı Sat";
			productName = "Arabamı Sat";
			productReference = 660F91E126137B9C0004753F /* Arabamı Sat.app */;
			productType = "com.apple.product-type.application";
		};
		660F91F626137B9F0004753F /* Arabamı SatTests */ = {
			isa = PBXNativeTarget;
			buildConfigurationList = 660F920E26137B9F0004753F /* Build configuration list for PBXNativeTarget "Arabamı SatTests" */;
			buildPhases = (
				660F91F326137B9F0004753F /* Sources */,
				660F91F426137B9F0004753F /* Frameworks */,
				660F91F526137B9F0004753F /* Resources */,
			);
			buildRules = (
			);
			dependencies = (
				660F91F926137B9F0004753F /* PBXTargetDependency */,
			);
			name = "Arabamı SatTests";
			productName = "Arabamı SatTests";
			productReference = 660F91F726137B9F0004753F /* Arabamı SatTests.xctest */;
			productType = "com.apple.product-type.bundle.unit-test";
		};
		660F920126137B9F0004753F /* Arabamı SatUITests */ = {
			isa = PBXNativeTarget;
			buildConfigurationList = 660F921126137B9F0004753F /* Build configuration list for PBXNativeTarget "Arabamı SatUITests" */;
			buildPhases = (
				660F91FE26137B9F0004753F /* Sources */,
				660F91FF26137B9F0004753F /* Frameworks */,
				660F920026137B9F0004753F /* Resources */,
			);
			buildRules = (
			);
			dependencies = (
				660F920426137B9F0004753F /* PBXTargetDependency */,
			);
			name = "Arabamı SatUITests";
			productName = "Arabamı SatUITests";
			productReference = 660F920226137B9F0004753F /* Arabamı SatUITests.xctest */;
			productType = "com.apple.product-type.bundle.ui-testing";
		};
/* End PBXNativeTarget section */

/* Begin PBXProject section */
		660F91D926137B9C0004753F /* Project object */ = {
			isa = PBXProject;
			attributes = {
				LastSwiftUpdateCheck = 1240;
				LastUpgradeCheck = 1240;
				TargetAttributes = {
					660F91E026137B9C0004753F = {
						CreatedOnToolsVersion = 12.4;
					};
					660F91F626137B9F0004753F = {
						CreatedOnToolsVersion = 12.4;
						TestTargetID = 660F91E026137B9C0004753F;
					};
					660F920126137B9F0004753F = {
						CreatedOnToolsVersion = 12.4;
						TestTargetID = 660F91E026137B9C0004753F;
					};
				};
			};
			buildConfigurationList = 660F91DC26137B9C0004753F /* Build configuration list for PBXProject "Arabamı Sat" */;
			compatibilityVersion = "Xcode 9.3";
			developmentRegion = en;
			hasScannedForEncodings = 0;
			knownRegions = (
				en,
				Base,
			);
			mainGroup = 660F91D826137B9C0004753F;
			productRefGroup = 660F91E226137B9C0004753F /* Products */;
			projectDirPath = "";
			projectRoot = "";
			targets = (
				660F91E026137B9C0004753F /* Arabamı Sat */,
				660F91F626137B9F0004753F /* Arabamı SatTests */,
				660F920126137B9F0004753F /* Arabamı SatUITests */,
			);
		};
/* End PBXProject section */

/* Begin PBXResourcesBuildPhase section */
		660F91DF26137B9C0004753F /* Resources */ = {
			isa = PBXResourcesBuildPhase;
			buildActionMask = 2147483647;
			files = (
				660F91F126137B9F0004753F /* LaunchScreen.storyboard in Resources */,
				660F91EE26137B9F0004753F /* Assets.xcassets in Resources */,
				660F92A2261384290004753F /* GoogleService-Info.plist in Resources */,
			);
			runOnlyForDeploymentPostprocessing = 0;
		};
		660F91F526137B9F0004753F /* Resources */ = {
			isa = PBXResourcesBuildPhase;
			buildActionMask = 2147483647;
			files = (
			);
			runOnlyForDeploymentPostprocessing = 0;
		};
		660F920026137B9F0004753F /* Resources */ = {
			isa = PBXResourcesBuildPhase;
			buildActionMask = 2147483647;
			files = (
			);
			runOnlyForDeploymentPostprocessing = 0;
		};
/* End PBXResourcesBuildPhase section */

/* Begin PBXShellScriptBuildPhase section */
		1852D2E9F23CD857064DEFC2 /* [CP] Embed Pods Frameworks */ = {
			isa = PBXShellScriptBuildPhase;
			buildActionMask = 2147483647;
			files = (
			);
			inputFileListPaths = (
				"${PODS_ROOT}/Target Support Files/Pods-Arabamı Sat/Pods-Arabamı Sat-frameworks-${CONFIGURATION}-input-files.xcfilelist",
			);
			name = "[CP] Embed Pods Frameworks";
			outputFileListPaths = (
				"${PODS_ROOT}/Target Support Files/Pods-Arabamı Sat/Pods-Arabamı Sat-frameworks-${CONFIGURATION}-output-files.xcfilelist",
			);
			runOnlyForDeploymentPostprocessing = 0;
			shellPath = /bin/sh;
			shellScript = "\"${PODS_ROOT}/Target Support Files/Pods-Arabamı Sat/Pods-Arabamı Sat-frameworks.sh\"\n";
			showEnvVarsInLog = 0;
		};
		D9A06EECF111296599A2FA81 /* [CP] Check Pods Manifest.lock */ = {
			isa = PBXShellScriptBuildPhase;
			buildActionMask = 2147483647;
			files = (
			);
			inputFileListPaths = (
			);
			inputPaths = (
				"${PODS_PODFILE_DIR_PATH}/Podfile.lock",
				"${PODS_ROOT}/Manifest.lock",
			);
			name = "[CP] Check Pods Manifest.lock";
			outputFileListPaths = (
			);
			outputPaths = (
				"$(DERIVED_FILE_DIR)/Pods-Arabamı Sat-checkManifestLockResult.txt",
			);
			runOnlyForDeploymentPostprocessing = 0;
			shellPath = /bin/sh;
			shellScript = "diff \"${PODS_PODFILE_DIR_PATH}/Podfile.lock\" \"${PODS_ROOT}/Manifest.lock\" > /dev/null\nif [ $? != 0 ] ; then\n    # print error to STDERR\n    echo \"error: The sandbox is not in sync with the Podfile.lock. Run 'pod install' or update your CocoaPods installation.\" >&2\n    exit 1\nfi\n# This output is used by Xcode 'outputs' to avoid re-running this script phase.\necho \"SUCCESS\" > \"${SCRIPT_OUTPUT_FILE_0}\"\n";
			showEnvVarsInLog = 0;
		};
		E99A3BACD124FD18591DCE0E /* [CP] Copy Pods Resources */ = {
			isa = PBXShellScriptBuildPhase;
			buildActionMask = 2147483647;
			files = (
			);
			inputFileListPaths = (
				"${PODS_ROOT}/Target Support Files/Pods-Arabamı Sat/Pods-Arabamı Sat-resources-${CONFIGURATION}-input-files.xcfilelist",
			);
			name = "[CP] Copy Pods Resources";
			outputFileListPaths = (
				"${PODS_ROOT}/Target Support Files/Pods-Arabamı Sat/Pods-Arabamı Sat-resources-${CONFIGURATION}-output-files.xcfilelist",
			);
			runOnlyForDeploymentPostprocessing = 0;
			shellPath = /bin/sh;
			shellScript = "\"${PODS_ROOT}/Target Support Files/Pods-Arabamı Sat/Pods-Arabamı Sat-resources.sh\"\n";
			showEnvVarsInLog = 0;
		};
/* End PBXShellScriptBuildPhase section */

/* Begin PBXSourcesBuildPhase section */
		660F91DD26137B9C0004753F /* Sources */ = {
			isa = PBXSourcesBuildPhase;
			buildActionMask = 2147483647;
			files = (
				660F925A26137D150004753F /* SplashScreen.swift in Sources */,
				660F91E926137B9C0004753F /* ViewController.swift in Sources */,
				660F91E526137B9C0004753F /* AppDelegate.swift in Sources */,
				660F926026137DE30004753F /* Utils.swift in Sources */,
				660F929A2613826D0004753F /* LoginController.swift in Sources */,
			);
			runOnlyForDeploymentPostprocessing = 0;
		};
		660F91F326137B9F0004753F /* Sources */ = {
			isa = PBXSourcesBuildPhase;
			buildActionMask = 2147483647;
			files = (
				660F91FC26137B9F0004753F /* Arabam__SatTests.swift in Sources */,
			);
			runOnlyForDeploymentPostprocessing = 0;
		};
		660F91FE26137B9F0004753F /* Sources */ = {
			isa = PBXSourcesBuildPhase;
			buildActionMask = 2147483647;
			files = (
				660F920726137B9F0004753F /* Arabam__SatUITests.swift in Sources */,
			);
			runOnlyForDeploymentPostprocessing = 0;
		};
/* End PBXSourcesBuildPhase section */

/* Begin PBXTargetDependency section */
		660F91F926137B9F0004753F /* PBXTargetDependency */ = {
			isa = PBXTargetDependency;
			target = 660F91E026137B9C0004753F /* Arabamı Sat */;
			targetProxy = 660F91F826137B9F0004753F /* PBXContainerItemProxy */;
		};
		660F920426137B9F0004753F /* PBXTargetDependency */ = {
			isa = PBXTargetDependency;
			target = 660F91E026137B9C0004753F /* Arabamı Sat */;
			targetProxy = 660F920326137B9F0004753F /* PBXContainerItemProxy */;
		};
/* End PBXTargetDependency section */

/* Begin PBXVariantGroup section */
		660F91EF26137B9F0004753F /* LaunchScreen.storyboard */ = {
			isa = PBXVariantGroup;
			children = (
				660F91F026137B9F0004753F /* Base */,
			);
			name = LaunchScreen.storyboard;
			sourceTree = "<group>";
		};
/* End PBXVariantGroup section */

/* Begin XCBuildConfiguration section */
		660F920926137B9F0004753F /* Debug */ = {
			isa = XCBuildConfiguration;
			buildSettings = {
				ALWAYS_SEARCH_USER_PATHS = NO;
				CLANG_ANALYZER_NONNULL = YES;
				CLANG_ANALYZER_NUMBER_OBJECT_CONVERSION = YES_AGGRESSIVE;
				CLANG_CXX_LANGUAGE_STANDARD = "gnu++14";
				CLANG_CXX_LIBRARY = "libc++";
				CLANG_ENABLE_MODULES = YES;
				CLANG_ENABLE_OBJC_ARC = YES;
				CLANG_ENABLE_OBJC_WEAK = YES;
				CLANG_WARN_BLOCK_CAPTURE_AUTORELEASING = YES;
				CLANG_WARN_BOOL_CONVERSION = YES;
				CLANG_WARN_COMMA = YES;
				CLANG_WARN_CONSTANT_CONVERSION = YES;
				CLANG_WARN_DEPRECATED_OBJC_IMPLEMENTATIONS = YES;
				CLANG_WARN_DIRECT_OBJC_ISA_USAGE = YES_ERROR;
				CLANG_WARN_DOCUMENTATION_COMMENTS = YES;
				CLANG_WARN_EMPTY_BODY = YES;
				CLANG_WARN_ENUM_CONVERSION = YES;
				CLANG_WARN_INFINITE_RECURSION = YES;
				CLANG_WARN_INT_CONVERSION = YES;
				CLANG_WARN_NON_LITERAL_NULL_CONVERSION = YES;
				CLANG_WARN_OBJC_IMPLICIT_RETAIN_SELF = YES;
				CLANG_WARN_OBJC_LITERAL_CONVERSION = YES;
				CLANG_WARN_OBJC_ROOT_CLASS = YES_ERROR;
				CLANG_WARN_QUOTED_INCLUDE_IN_FRAMEWORK_HEADER = YES;
				CLANG_WARN_RANGE_LOOP_ANALYSIS = YES;
				CLANG_WARN_STRICT_PROTOTYPES = YES;
				CLANG_WARN_SUSPICIOUS_MOVE = YES;
				CLANG_WARN_UNGUARDED_AVAILABILITY = YES_AGGRESSIVE;
				CLANG_WARN_UNREACHABLE_CODE = YES;
				CLANG_WARN__DUPLICATE_METHOD_MATCH = YES;
				COPY_PHASE_STRIP = NO;
				DEBUG_INFORMATION_FORMAT = dwarf;
				ENABLE_STRICT_OBJC_MSGSEND = YES;
				ENABLE_TESTABILITY = YES;
				GCC_C_LANGUAGE_STANDARD = gnu11;
				GCC_DYNAMIC_NO_PIC = NO;
				GCC_NO_COMMON_BLOCKS = YES;
				GCC_OPTIMIZATION_LEVEL = 0;
				GCC_PREPROCESSOR_DEFINITIONS = (
					"DEBUG=1",
					"$(inherited)",
				);
				GCC_WARN_64_TO_32_BIT_CONVERSION = YES;
				GCC_WARN_ABOUT_RETURN_TYPE = YES_ERROR;
				GCC_WARN_UNDECLARED_SELECTOR = YES;
				GCC_WARN_UNINITIALIZED_AUTOS = YES_AGGRESSIVE;
				GCC_WARN_UNUSED_FUNCTION = YES;
				GCC_WARN_UNUSED_VARIABLE = YES;
				IPHONEOS_DEPLOYMENT_TARGET = 12.3;
				MTL_ENABLE_DEBUG_INFO = INCLUDE_SOURCE;
				MTL_FAST_MATH = YES;
				ONLY_ACTIVE_ARCH = YES;
				SDKROOT = iphoneos;
				SWIFT_ACTIVE_COMPILATION_CONDITIONS = DEBUG;
				SWIFT_OPTIMIZATION_LEVEL = "-Onone";
			};
			name = Debug;
		};
		660F920A26137B9F0004753F /* Release */ = {
			isa = XCBuildConfiguration;
			buildSettings = {
				ALWAYS_SEARCH_USER_PATHS = NO;
				CLANG_ANALYZER_NONNULL = YES;
				CLANG_ANALYZER_NUMBER_OBJECT_CONVERSION = YES_AGGRESSIVE;
				CLANG_CXX_LANGUAGE_STANDARD = "gnu++14";
				CLANG_CXX_LIBRARY = "libc++";
				CLANG_ENABLE_MODULES = YES;
				CLANG_ENABLE_OBJC_ARC = YES;
				CLANG_ENABLE_OBJC_WEAK = YES;
				CLANG_WARN_BLOCK_CAPTURE_AUTORELEASING = YES;
				CLANG_WARN_BOOL_CONVERSION = YES;
				CLANG_WARN_COMMA = YES;
				CLANG_WARN_CONSTANT_CONVERSION = YES;
				CLANG_WARN_DEPRECATED_OBJC_IMPLEMENTATIONS = YES;
				CLANG_WARN_DIRECT_OBJC_ISA_USAGE = YES_ERROR;
				CLANG_WARN_DOCUMENTATION_COMMENTS = YES;
				CLANG_WARN_EMPTY_BODY = YES;
				CLANG_WARN_ENUM_CONVERSION = YES;
				CLANG_WARN_INFINITE_RECURSION = YES;
				CLANG_WARN_INT_CONVERSION = YES;
				CLANG_WARN_NON_LITERAL_NULL_CONVERSION = YES;
				CLANG_WARN_OBJC_IMPLICIT_RETAIN_SELF = YES;
				CLANG_WARN_OBJC_LITERAL_CONVERSION = YES;
				CLANG_WARN_OBJC_ROOT_CLASS = YES_ERROR;
				CLANG_WARN_QUOTED_INCLUDE_IN_FRAMEWORK_HEADER = YES;
				CLANG_WARN_RANGE_LOOP_ANALYSIS = YES;
				CLANG_WARN_STRICT_PROTOTYPES = YES;
				CLANG_WARN_SUSPICIOUS_MOVE = YES;
				CLANG_WARN_UNGUARDED_AVAILABILITY = YES_AGGRESSIVE;
				CLANG_WARN_UNREACHABLE_CODE = YES;
				CLANG_WARN__DUPLICATE_METHOD_MATCH = YES;
				COPY_PHASE_STRIP = NO;
				DEBUG_INFORMATION_FORMAT = "dwarf-with-dsym";
				ENABLE_NS_ASSERTIONS = NO;
				ENABLE_STRICT_OBJC_MSGSEND = YES;
				GCC_C_LANGUAGE_STANDARD = gnu11;
				GCC_NO_COMMON_BLOCKS = YES;
				GCC_WARN_64_TO_32_BIT_CONVERSION = YES;
				GCC_WARN_ABOUT_RETURN_TYPE = YES_ERROR;
				GCC_WARN_UNDECLARED_SELECTOR = YES;
				GCC_WARN_UNINITIALIZED_AUTOS = YES_AGGRESSIVE;
				GCC_WARN_UNUSED_FUNCTION = YES;
				GCC_WARN_UNUSED_VARIABLE = YES;
				IPHONEOS_DEPLOYMENT_TARGET = 12.3;
				MTL_ENABLE_DEBUG_INFO = NO;
				MTL_FAST_MATH = YES;
				SDKROOT = iphoneos;
				SWIFT_COMPILATION_MODE = wholemodule;
				SWIFT_OPTIMIZATION_LEVEL = "-O";
				VALIDATE_PRODUCT = YES;
			};
			name = Release;
		};
		660F920C26137B9F0004753F /* Debug */ = {
			isa = XCBuildConfiguration;
			baseConfigurationReference = 42189B12E6680D049082099E /* Pods-Arabamı Sat.debug.xcconfig */;
			buildSettings = {
				ASSETCATALOG_COMPILER_APPICON_NAME = AppIcon;
				ASSETCATALOG_COMPILER_GLOBAL_ACCENT_COLOR_NAME = AccentColor;
				CODE_SIGN_STYLE = Automatic;
				DEVELOPMENT_TEAM = F68Q68LA39;
				INFOPLIST_FILE = "Arabamı Sat/Info.plist";
				LD_RUNPATH_SEARCH_PATHS = (
					"$(inherited)",
					"@executable_path/Frameworks",
				);
				PRODUCT_BUNDLE_IDENTIFIER = com.arabami.sat;
				PRODUCT_NAME = "$(TARGET_NAME)";
				SWIFT_VERSION = 5.0;
				TARGETED_DEVICE_FAMILY = 1;
			};
			name = Debug;
		};
		660F920D26137B9F0004753F /* Release */ = {
			isa = XCBuildConfiguration;
			baseConfigurationReference = B4B0F7E7D191B1E9D8983998 /* Pods-Arabamı Sat.release.xcconfig */;
			buildSettings = {
				ASSETCATALOG_COMPILER_APPICON_NAME = AppIcon;
				ASSETCATALOG_COMPILER_GLOBAL_ACCENT_COLOR_NAME = AccentColor;
				CODE_SIGN_STYLE = Automatic;
				DEVELOPMENT_TEAM = F68Q68LA39;
				INFOPLIST_FILE = "Arabamı Sat/Info.plist";
				LD_RUNPATH_SEARCH_PATHS = (
					"$(inherited)",
					"@executable_path/Frameworks",
				);
				PRODUCT_BUNDLE_IDENTIFIER = com.arabami.sat;
				PRODUCT_NAME = "$(TARGET_NAME)";
				SWIFT_VERSION = 5.0;
				TARGETED_DEVICE_FAMILY = 1;
			};
			name = Release;
		};
		660F920F26137B9F0004753F /* Debug */ = {
			isa = XCBuildConfiguration;
			buildSettings = {
				ALWAYS_EMBED_SWIFT_STANDARD_LIBRARIES = YES;
				BUNDLE_LOADER = "$(TEST_HOST)";
				CODE_SIGN_STYLE = Automatic;
				DEVELOPMENT_TEAM = F68Q68LA39;
				INFOPLIST_FILE = "Arabamı SatTests/Info.plist";
				IPHONEOS_DEPLOYMENT_TARGET = 14.4;
				LD_RUNPATH_SEARCH_PATHS = (
					"$(inherited)",
					"@executable_path/Frameworks",
					"@loader_path/Frameworks",
				);
				PRODUCT_BUNDLE_IDENTIFIER = "com.arabami.sat.Arabam--SatTests";
				PRODUCT_NAME = "$(TARGET_NAME)";
				SWIFT_VERSION = 5.0;
				TARGETED_DEVICE_FAMILY = "1,2";
				TEST_HOST = "$(BUILT_PRODUCTS_DIR)/Arabamı Sat.app/Arabamı Sat";
			};
			name = Debug;
		};
		660F921026137B9F0004753F /* Release */ = {
			isa = XCBuildConfiguration;
			buildSettings = {
				ALWAYS_EMBED_SWIFT_STANDARD_LIBRARIES = YES;
				BUNDLE_LOADER = "$(TEST_HOST)";
				CODE_SIGN_STYLE = Automatic;
				DEVELOPMENT_TEAM = F68Q68LA39;
				INFOPLIST_FILE = "Arabamı SatTests/Info.plist";
				IPHONEOS_DEPLOYMENT_TARGET = 14.4;
				LD_RUNPATH_SEARCH_PATHS = (
					"$(inherited)",
					"@executable_path/Frameworks",
					"@loader_path/Frameworks",
				);
				PRODUCT_BUNDLE_IDENTIFIER = "com.arabami.sat.Arabam--SatTests";
				PRODUCT_NAME = "$(TARGET_NAME)";
				SWIFT_VERSION = 5.0;
				TARGETED_DEVICE_FAMILY = "1,2";
				TEST_HOST = "$(BUILT_PRODUCTS_DIR)/Arabamı Sat.app/Arabamı Sat";
			};
			name = Release;
		};
		660F921226137B9F0004753F /* Debug */ = {
			isa = XCBuildConfiguration;
			buildSettings = {
				ALWAYS_EMBED_SWIFT_STANDARD_LIBRARIES = YES;
				CODE_SIGN_STYLE = Automatic;
				DEVELOPMENT_TEAM = F68Q68LA39;
				INFOPLIST_FILE = "Arabamı SatUITests/Info.plist";
				LD_RUNPATH_SEARCH_PATHS = (
					"$(inherited)",
					"@executable_path/Frameworks",
					"@loader_path/Frameworks",
				);
				PRODUCT_BUNDLE_IDENTIFIER = "com.arabami.sat.Arabam--SatUITests";
				PRODUCT_NAME = "$(TARGET_NAME)";
				SWIFT_VERSION = 5.0;
				TARGETED_DEVICE_FAMILY = "1,2";
				TEST_TARGET_NAME = "Arabamı Sat";
			};
			name = Debug;
		};
		660F921326137B9F0004753F /* Release */ = {
			isa = XCBuildConfiguration;
			buildSettings = {
				ALWAYS_EMBED_SWIFT_STANDARD_LIBRARIES = YES;
				CODE_SIGN_STYLE = Automatic;
				DEVELOPMENT_TEAM = F68Q68LA39;
				INFOPLIST_FILE = "Arabamı SatUITests/Info.plist";
				LD_RUNPATH_SEARCH_PATHS = (
					"$(inherited)",
					"@executable_path/Frameworks",
					"@loader_path/Frameworks",
				);
				PRODUCT_BUNDLE_IDENTIFIER = "com.arabami.sat.Arabam--SatUITests";
				PRODUCT_NAME = "$(TARGET_NAME)";
				SWIFT_VERSION = 5.0;
				TARGETED_DEVICE_FAMILY = "1,2";
				TEST_TARGET_NAME = "Arabamı Sat";
			};
			name = Release;
		};
/* End XCBuildConfiguration section */

/* Begin XCConfigurationList section */
		660F91DC26137B9C0004753F /* Build configuration list for PBXProject "Arabamı Sat" */ = {
			isa = XCConfigurationList;
			buildConfigurations = (
				660F920926137B9F0004753F /* Debug */,
				660F920A26137B9F0004753F /* Release */,
			);
			defaultConfigurationIsVisible = 0;
			defaultConfigurationName = Release;
		};
		660F920B26137B9F0004753F /* Build configuration list for PBXNativeTarget "Arabamı Sat" */ = {
			isa = XCConfigurationList;
			buildConfigurations = (
				660F920C26137B9F0004753F /* Debug */,
				660F920D26137B9F0004753F /* Release */,
			);
			defaultConfigurationIsVisible = 0;
			defaultConfigurationName = Release;
		};
		660F920E26137B9F0004753F /* Build configuration list for PBXNativeTarget "Arabamı SatTests" */ = {
			isa = XCConfigurationList;
			buildConfigurations = (
				660F920F26137B9F0004753F /* Debug */,
				660F921026137B9F0004753F /* Release */,
			);
			defaultConfigurationIsVisible = 0;
			defaultConfigurationName = Release;
		};
		660F921126137B9F0004753F /* Build configuration list for PBXNativeTarget "Arabamı SatUITests" */ = {
			isa = XCConfigurationList;
			buildConfigurations = (
				660F921226137B9F0004753F /* Debug */,
				660F921326137B9F0004753F /* Release */,
			);
			defaultConfigurationIsVisible = 0;
			defaultConfigurationName = Release;
		};
/* End XCConfigurationList section */
	};
	rootObject = 660F91D926137B9C0004753F /* Project object */;
}
